{
  "pins" : [
    {
      "identity" : "ipadownloadmanager",
      "kind" : "remoteSourceControl",
      "location" : "https://github.com/ipapamagic/IPaDownloadManager.git",
      "state" : {
        "revision" : "98abbc64a0b0eb95d05741bc10e5f46072f84af2",
        "version" : "1.4.0"
      }
    },
    {
      "identity" : "ipafilecache",
      "kind" : "remoteSourceControl",
      "location" : "https://github.com/ipapamagic/IPaFileCache.git",
      "state" : {
        "revision" : "e9a228b7685ecb85143127b157e974c8d1a0fef6",
        "version" : "1.2.0"
      }
    },
    {
      "identity" : "ipaimagetool",
      "kind" : "remoteSourceControl",
      "location" : "https://github.com/ipapamagic/IPaImageTool.git",
      "state" : {
        "revision" : "476267c70349b70ea0d4331fc2024168afde54a0",
        "version" : "2.6.0"
      }
    },
    {
      "identity" : "ipalog",
      "kind" : "remoteSourceControl",
      "location" : "https://github.com/ipapamagic/IPaLog.git",
      "state" : {
        "revision" : "69938bb622a5d6dea1fb1641a29e337281a1dbf5",
        "version" : "3.1.0"
      }
    },
    {
      "identity" : "ipasecurity",
      "kind" : "remoteSourceControl",
      "location" : "https://github.com/ipapamagic/IPaSecurity.git",
      "state" : {
        "revision" : "bcdb3560255dc7ef3607dce8da3bc00155b59a6b",
        "version" : "4.1.0"
      }
    },
    {
      "identity" : "ipaurlresourceui",
      "kind" : "remoteSourceControl",
      "location" : "https://github.com/ipapamagic/IPaURLResourceUI.git",
      "state" : {
        "revision" : "41f659261c3705e30f58c44deaeb70a9309c22c6",
        "version" : "5.4.0"
      }
    },
    {
      "identity" : "ipaxmlsection",
      "kind" : "remoteSourceControl",
      "location" : "https://github.com/ipapamagic/IPaXMLSection.git",
      "state" : {
        "revision" : "2eeef471263150362ff492bd08dd2abd39b388b4",
        "version" : "2.2.0"
      }
    }
  ],
  "version" : 2
}
